// !$*UTF8*$!
{
	archiveVersion = 1;
	classes = {
	};
	objectVersion = 50;
	objects = {

/* Begin PBXBuildFile section */
		EF291258255700C9006445B0 /* AppDelegate.swift in Sources */ = {isa = PBXBuildFile; fileRef = EF291257255700C9006445B0 /* AppDelegate.swift */; };
		EF29125A255700C9006445B0 /* SceneDelegate.swift in Sources */ = {isa = PBXBuildFile; fileRef = EF291259255700C9006445B0 /* SceneDelegate.swift */; };
		EF29125F255700C9006445B0 /* Main.storyboard in Resources */ = {isa = PBXBuildFile; fileRef = EF29125D255700C9006445B0 /* Main.storyboard */; };
		EF291261255700CC006445B0 /* Assets.xcassets in Resources */ = {isa = PBXBuildFile; fileRef = EF291260255700CC006445B0 /* Assets.xcassets */; };
		EF291264255700CC006445B0 /* LaunchScreen.storyboard in Resources */ = {isa = PBXBuildFile; fileRef = EF291262255700CC006445B0 /* LaunchScreen.storyboard */; };
		EF291270255701EE006445B0 /* EmojiTableViewController.swift in Sources */ = {isa = PBXBuildFile; fileRef = EF29126F255701EE006445B0 /* EmojiTableViewController.swift */; };
		EF66DB7F2569280D0098A2C9 /* CoreDataStack.swift in Sources */ = {isa = PBXBuildFile; fileRef = EF66DB7E2569280D0098A2C9 /* CoreDataStack.swift */; };
		EF66DB8325692A7A0098A2C9 /* EmojiReader.xcdatamodeld in Sources */ = {isa = PBXBuildFile; fileRef = EF66DB8125692A7A0098A2C9 /* EmojiReader.xcdatamodeld */; };
		EF7DEDF9256BD4A800AC25C9 /* EmojiData+CoreDataClass.swift in Sources */ = {isa = PBXBuildFile; fileRef = EF7DEDF7256BD4A800AC25C9 /* EmojiData+CoreDataClass.swift */; };
		EF7DEDFA256BD4A800AC25C9 /* EmojiData+CoreDataProperties.swift in Sources */ = {isa = PBXBuildFile; fileRef = EF7DEDF8256BD4A800AC25C9 /* EmojiData+CoreDataProperties.swift */; };
		EFA94DA22557FFAC00AB1927 /* EmojiTableViewCell.swift in Sources */ = {isa = PBXBuildFile; fileRef = EFA94DA12557FFAC00AB1927 /* EmojiTableViewCell.swift */; };
		EFA94DB02558A06F00AB1927 /* .gitignore in Resources */ = {isa = PBXBuildFile; fileRef = EFA94DAF2558A06F00AB1927 /* .gitignore */; };
		EFC81B942559C95E002C6BFD /* AddTableViewController.swift in Sources */ = {isa = PBXBuildFile; fileRef = EFC81B932559C95E002C6BFD /* AddTableViewController.swift */; };
/* End PBXBuildFile section */

/* Begin PBXFileReference section */
		EF291254255700C9006445B0 /* EmojiReader.app */ = {isa = PBXFileReference; explicitFileType = wrapper.application; includeInIndex = 0; path = EmojiReader.app; sourceTree = BUILT_PRODUCTS_DIR; };
		EF291257255700C9006445B0 /* AppDelegate.swift */ = {isa = PBXFileReference; lastKnownFileType = sourcecode.swift; path = AppDelegate.swift; sourceTree = "<group>"; };
		EF291259255700C9006445B0 /* SceneDelegate.swift */ = {isa = PBXFileReference; lastKnownFileType = sourcecode.swift; path = SceneDelegate.swift; sourceTree = "<group>"; };
		EF29125E255700C9006445B0 /* Base */ = {isa = PBXFileReference; lastKnownFileType = file.storyboard; name = Base; path = Base.lproj/Main.storyboard; sourceTree = "<group>"; };
		EF291260255700CC006445B0 /* Assets.xcassets */ = {isa = PBXFileReference; lastKnownFileType = folder.assetcatalog; path = Assets.xcassets; sourceTree = "<group>"; };
		EF291263255700CC006445B0 /* Base */ = {isa = PBXFileReference; lastKnownFileType = file.storyboard; name = Base; path = Base.lproj/LaunchScreen.storyboard; sourceTree = "<group>"; };
		EF291265255700CC006445B0 /* Info.plist */ = {isa = PBXFileReference; lastKnownFileType = text.plist.xml; path = Info.plist; sourceTree = "<group>"; };
		EF29126F255701EE006445B0 /* EmojiTableViewController.swift */ = {isa = PBXFileReference; lastKnownFileType = sourcecode.swift; path = EmojiTableViewController.swift; sourceTree = "<group>"; };
		EF66DB7E2569280D0098A2C9 /* CoreDataStack.swift */ = {isa = PBXFileReference; lastKnownFileType = sourcecode.swift; path = CoreDataStack.swift; sourceTree = "<group>"; };
		EF66DB8225692A7A0098A2C9 /* emojiModel.xcdatamodel */ = {isa = PBXFileReference; lastKnownFileType = wrapper.xcdatamodel; path = emojiModel.xcdatamodel; sourceTree = "<group>"; };
		EF7DEDF7256BD4A800AC25C9 /* EmojiData+CoreDataClass.swift */ = {isa = PBXFileReference; lastKnownFileType = sourcecode.swift; path = "EmojiData+CoreDataClass.swift"; sourceTree = "<group>"; };
		EF7DEDF8256BD4A800AC25C9 /* EmojiData+CoreDataProperties.swift */ = {isa = PBXFileReference; lastKnownFileType = sourcecode.swift; path = "EmojiData+CoreDataProperties.swift"; sourceTree = "<group>"; };
		EFA94DA12557FFAC00AB1927 /* EmojiTableViewCell.swift */ = {isa = PBXFileReference; lastKnownFileType = sourcecode.swift; path = EmojiTableViewCell.swift; sourceTree = "<group>"; };
		EFA94DAF2558A06F00AB1927 /* .gitignore */ = {isa = PBXFileReference; lastKnownFileType = text; path = .gitignore; sourceTree = "<group>"; };
		EFC81B932559C95E002C6BFD /* AddTableViewController.swift */ = {isa = PBXFileReference; lastKnownFileType = sourcecode.swift; path = AddTableViewController.swift; sourceTree = "<group>"; };
/* End PBXFileReference section */

/* Begin PBXFrameworksBuildPhase section */
		EF291251255700C9006445B0 /* Frameworks */ = {
			isa = PBXFrameworksBuildPhase;
			buildActionMask = 2147483647;
			files = (
			);
			runOnlyForDeploymentPostprocessing = 0;
		};
/* End PBXFrameworksBuildPhase section */

/* Begin PBXGroup section */
		EF29124B255700C9006445B0 = {
			isa = PBXGroup;
			children = (
				EF291256255700C9006445B0 /* EmojiReader */,
				EF291255255700C9006445B0 /* Products */,
			);
			sourceTree = "<group>";
		};
		EF291255255700C9006445B0 /* Products */ = {
			isa = PBXGroup;
			children = (
				EF291254255700C9006445B0 /* EmojiReader.app */,
			);
			name = Products;
			sourceTree = "<group>";
		};
		EF291256255700C9006445B0 /* EmojiReader */ = {
			isa = PBXGroup;
			children = (
				EF7DEDFC256BD4B200AC25C9 /* Model */,
				EF291257255700C9006445B0 /* AppDelegate.swift */,
				EF291259255700C9006445B0 /* SceneDelegate.swift */,
				EF29125D255700C9006445B0 /* Main.storyboard */,
				EFC81B932559C95E002C6BFD /* AddTableViewController.swift */,
				EF66DB7E2569280D0098A2C9 /* CoreDataStack.swift */,
				EFA94DA12557FFAC00AB1927 /* EmojiTableViewCell.swift */,
				EF29126F255701EE006445B0 /* EmojiTableViewController.swift */,
				EF66DB8125692A7A0098A2C9 /* EmojiReader.xcdatamodeld */,
				EFA94DAF2558A06F00AB1927 /* .gitignore */,
				EF291260255700CC006445B0 /* Assets.xcassets */,
				EF291262255700CC006445B0 /* LaunchScreen.storyboard */,
				EF291265255700CC006445B0 /* Info.plist */,
			);
			path = EmojiReader;
			sourceTree = "<group>";
		};
		EF7DEDFC256BD4B200AC25C9 /* Model */ = {
			isa = PBXGroup;
			children = (
				EF7DEDF7256BD4A800AC25C9 /* EmojiData+CoreDataClass.swift */,
				EF7DEDF8256BD4A800AC25C9 /* EmojiData+CoreDataProperties.swift */,
			);
			path = Model;
			sourceTree = "<group>";
		};
/* End PBXGroup section */

/* Begin PBXNativeTarget section */
		EF291253255700C9006445B0 /* EmojiReader */ = {
			isa = PBXNativeTarget;
			buildConfigurationList = EF291268255700CC006445B0 /* Build configuration list for PBXNativeTarget "EmojiReader" */;
			buildPhases = (
				EF291250255700C9006445B0 /* Sources */,
				EF291251255700C9006445B0 /* Frameworks */,
				EF291252255700C9006445B0 /* Resources */,
			);
			buildRules = (
			);
			dependencies = (
			);
			name = EmojiReader;
			productName = EmojiReader;
			productReference = EF291254255700C9006445B0 /* EmojiReader.app */;
			productType = "com.apple.product-type.application";
		};
/* End PBXNativeTarget section */

/* Begin PBXProject section */
		EF29124C255700C9006445B0 /* Project object */ = {
			isa = PBXProject;
			attributes = {
				LastSwiftUpdateCheck = 1200;
				LastUpgradeCheck = 1200;
				TargetAttributes = {
					EF291253255700C9006445B0 = {
						CreatedOnToolsVersion = 12.0.1;
					};
				};
			};
			buildConfigurationList = EF29124F255700C9006445B0 /* Build configuration list for PBXProject "EmojiReader" */;
			compatibilityVersion = "Xcode 9.3";
			developmentRegion = en;
			hasScannedForEncodings = 0;
			knownRegions = (
				en,
				Base,
			);
			mainGroup = EF29124B255700C9006445B0;
			productRefGroup = EF291255255700C9006445B0 /* Products */;
			projectDirPath = "";
			projectRoot = "";
			targets = (
				EF291253255700C9006445B0 /* EmojiReader */,
			);
		};
/* End PBXProject section */

/* Begin PBXResourcesBuildPhase section */
		EF291252255700C9006445B0 /* Resources */ = {
			isa = PBXResourcesBuildPhase;
			buildActionMask = 2147483647;
			files = (
				EFA94DB02558A06F00AB1927 /* .gitignore in Resources */,
				EF291264255700CC006445B0 /* LaunchScreen.storyboard in Resources */,
				EF291261255700CC006445B0 /* Assets.xcassets in Resources */,
				EF29125F255700C9006445B0 /* Main.storyboard in Resources */,
			);
			runOnlyForDeploymentPostprocessing = 0;
		};
/* End PBXResourcesBuildPhase section */

/* Begin PBXSourcesBuildPhase section */
		EF291250255700C9006445B0 /* Sources */ = {
			isa = PBXSourcesBuildPhase;
			buildActionMask = 2147483647;
			files = (
				EF66DB7F2569280D0098A2C9 /* CoreDataStack.swift in Sources */,
				EF291258255700C9006445B0 /* AppDelegate.swift in Sources */,
				EF7DEDF9256BD4A800AC25C9 /* EmojiData+CoreDataClass.swift in Sources */,
				EF291270255701EE006445B0 /* EmojiTableViewController.swift in Sources */,
				EFA94DA22557FFAC00AB1927 /* EmojiTableViewCell.swift in Sources */,
				EF7DEDFA256BD4A800AC25C9 /* EmojiData+CoreDataProperties.swift in Sources */,
				EF66DB8325692A7A0098A2C9 /* EmojiReader.xcdatamodeld in Sources */,
				EF29125A255700C9006445B0 /* SceneDelegate.swift in Sources */,
				EFC81B942559C95E002C6BFD /* AddTableViewController.swift in Sources */,
			);
			runOnlyForDeploymentPostprocessing = 0;
		};
/* End PBXSourcesBuildPhase section */

/* Begin PBXVariantGroup section */
		EF29125D255700C9006445B0 /* Main.storyboard */ = {
			isa = PBXVariantGroup;
			children = (
				EF29125E255700C9006445B0 /* Base */,
			);
			name = Main.storyboard;
			sourceTree = "<group>";
		};
		EF291262255700CC006445B0 /* LaunchScreen.storyboard */ = {
			isa = PBXVariantGroup;
			children = (
				EF291263255700CC006445B0 /* Base */,
			);
			name = LaunchScreen.storyboard;
			sourceTree = "<group>";
		};
/* End PBXVariantGroup section */

/* Begin XCBuildConfiguration section */
		EF291266255700CC006445B0 /* Debug */ = {
			isa = XCBuildConfiguration;
			buildSettings = {
				ALWAYS_SEARCH_USER_PATHS = NO;
				CLANG_ANALYZER_NONNULL = YES;
				CLANG_ANALYZER_NUMBER_OBJECT_CONVERSION = YES_AGGRESSIVE;
				CLANG_CXX_LANGUAGE_STANDARD = "gnu++14";
				CLANG_CXX_LIBRARY = "libc++";
				CLANG_ENABLE_MODULES = YES;
				CLANG_ENABLE_OBJC_ARC = YES;
				CLANG_ENABLE_OBJC_WEAK = YES;
				CLANG_WARN_BLOCK_CAPTURE_AUTORELEASING = YES;
				CLANG_WARN_BOOL_CONVERSION = YES;
				CLANG_WARN_COMMA = YES;
				CLANG_WARN_CONSTANT_CONVERSION = YES;
				CLANG_WARN_DEPRECATED_OBJC_IMPLEMENTATIONS = YES;
				CLANG_WARN_DIRECT_OBJC_ISA_USAGE = YES_ERROR;
				CLANG_WARN_DOCUMENTATION_COMMENTS = YES;
				CLANG_WARN_EMPTY_BODY = YES;
				CLANG_WARN_ENUM_CONVERSION = YES;
				CLANG_WARN_INFINITE_RECURSION = YES;
				CLANG_WARN_INT_CONVERSION = YES;
				CLANG_WARN_NON_LITERAL_NULL_CONVERSION = YES;
				CLANG_WARN_OBJC_IMPLICIT_RETAIN_SELF = YES;
				CLANG_WARN_OBJC_LITERAL_CONVERSION = YES;
				CLANG_WARN_OBJC_ROOT_CLASS = YES_ERROR;
				CLANG_WARN_QUOTED_INCLUDE_IN_FRAMEWORK_HEADER = YES;
				CLANG_WARN_RANGE_LOOP_ANALYSIS = YES;
				CLANG_WARN_STRICT_PROTOTYPES = YES;
				CLANG_WARN_SUSPICIOUS_MOVE = YES;
				CLANG_WARN_UNGUARDED_AVAILABILITY = YES_AGGRESSIVE;
				CLANG_WARN_UNREACHABLE_CODE = YES;
				CLANG_WARN__DUPLICATE_METHOD_MATCH = YES;
				COPY_PHASE_STRIP = NO;
				DEBUG_INFORMATION_FORMAT = dwarf;
				ENABLE_STRICT_OBJC_MSGSEND = YES;
				ENABLE_TESTABILITY = YES;
				GCC_C_LANGUAGE_STANDARD = gnu11;
				GCC_DYNAMIC_NO_PIC = NO;
				GCC_NO_COMMON_BLOCKS = YES;
				GCC_OPTIMIZATION_LEVEL = 0;
				GCC_PREPROCESSOR_DEFINITIONS = (
					"DEBUG=1",
					"$(inherited)",
				);
				GCC_WARN_64_TO_32_BIT_CONVERSION = YES;
				GCC_WARN_ABOUT_RETURN_TYPE = YES_ERROR;
				GCC_WARN_UNDECLARED_SELECTOR = YES;
				GCC_WARN_UNINITIALIZED_AUTOS = YES_AGGRESSIVE;
				GCC_WARN_UNUSED_FUNCTION = YES;
				GCC_WARN_UNUSED_VARIABLE = YES;
				IPHONEOS_DEPLOYMENT_TARGET = 14.0;
				MTL_ENABLE_DEBUG_INFO = INCLUDE_SOURCE;
				MTL_FAST_MATH = YES;
				ONLY_ACTIVE_ARCH = YES;
				SDKROOT = iphoneos;
				SWIFT_ACTIVE_COMPILATION_CONDITIONS = DEBUG;
				SWIFT_OPTIMIZATION_LEVEL = "-Onone";
			};
			name = Debug;
		};
		EF291267255700CC006445B0 /* Release */ = {
			isa = XCBuildConfiguration;
			buildSettings = {
				ALWAYS_SEARCH_USER_PATHS = NO;
				CLANG_ANALYZER_NONNULL = YES;
				CLANG_ANALYZER_NUMBER_OBJECT_CONVERSION = YES_AGGRESSIVE;
				CLANG_CXX_LANGUAGE_STANDARD = "gnu++14";
				CLANG_CXX_LIBRARY = "libc++";
				CLANG_ENABLE_MODULES = YES;
				CLANG_ENABLE_OBJC_ARC = YES;
				CLANG_ENABLE_OBJC_WEAK = YES;
				CLANG_WARN_BLOCK_CAPTURE_AUTORELEASING = YES;
				CLANG_WARN_BOOL_CONVERSION = YES;
				CLANG_WARN_COMMA = YES;
				CLANG_WARN_CONSTANT_CONVERSION = YES;
				CLANG_WARN_DEPRECATED_OBJC_IMPLEMENTATIONS = YES;
				CLANG_WARN_DIRECT_OBJC_ISA_USAGE = YES_ERROR;
				CLANG_WARN_DOCUMENTATION_COMMENTS = YES;
				CLANG_WARN_EMPTY_BODY = YES;
				CLANG_WARN_ENUM_CONVERSION = YES;
				CLANG_WARN_INFINITE_RECURSION = YES;
				CLANG_WARN_INT_CONVERSION = YES;
				CLANG_WARN_NON_LITERAL_NULL_CONVERSION = YES;
				CLANG_WARN_OBJC_IMPLICIT_RETAIN_SELF = YES;
				CLANG_WARN_OBJC_LITERAL_CONVERSION = YES;
				CLANG_WARN_OBJC_ROOT_CLASS = YES_ERROR;
				CLANG_WARN_QUOTED_INCLUDE_IN_FRAMEWORK_HEADER = YES;
				CLANG_WARN_RANGE_LOOP_ANALYSIS = YES;
				CLANG_WARN_STRICT_PROTOTYPES = YES;
				CLANG_WARN_SUSPICIOUS_MOVE = YES;
				CLANG_WARN_UNGUARDED_AVAILABILITY = YES_AGGRESSIVE;
				CLANG_WARN_UNREACHABLE_CODE = YES;
				CLANG_WARN__DUPLICATE_METHOD_MATCH = YES;
				COPY_PHASE_STRIP = NO;
				DEBUG_INFORMATION_FORMAT = "dwarf-with-dsym";
				ENABLE_NS_ASSERTIONS = NO;
				ENABLE_STRICT_OBJC_MSGSEND = YES;
				GCC_C_LANGUAGE_STANDARD = gnu11;
				GCC_NO_COMMON_BLOCKS = YES;
				GCC_WARN_64_TO_32_BIT_CONVERSION = YES;
				GCC_WARN_ABOUT_RETURN_TYPE = YES_ERROR;
				GCC_WARN_UNDECLARED_SELECTOR = YES;
				GCC_WARN_UNINITIALIZED_AUTOS = YES_AGGRESSIVE;
				GCC_WARN_UNUSED_FUNCTION = YES;
				GCC_WARN_UNUSED_VARIABLE = YES;
				IPHONEOS_DEPLOYMENT_TARGET = 14.0;
				MTL_ENABLE_DEBUG_INFO = NO;
				MTL_FAST_MATH = YES;
				SDKROOT = iphoneos;
				SWIFT_COMPILATION_MODE = wholemodule;
				SWIFT_OPTIMIZATION_LEVEL = "-O";
				VALIDATE_PRODUCT = YES;
			};
			name = Release;
		};
		EF291269255700CC006445B0 /* Debug */ = {
			isa = XCBuildConfiguration;
			buildSettings = {
				ASSETCATALOG_COMPILER_APPICON_NAME = AppIcon;
				ASSETCATALOG_COMPILER_GLOBAL_ACCENT_COLOR_NAME = AccentColor;
				CODE_SIGN_STYLE = Automatic;
				DEVELOPMENT_TEAM = GGBRYLM9ZW;
				INFOPLIST_FILE = EmojiReader/Info.plist;
				LD_RUNPATH_SEARCH_PATHS = (
					"$(inherited)",
					"@executable_path/Frameworks",
				);
				PRODUCT_BUNDLE_IDENTIFIER = mycom.EmojiReader;
				PRODUCT_NAME = "$(TARGET_NAME)";
				SWIFT_VERSION = 5.0;
				TARGETED_DEVICE_FAMILY = "1,2";
			};
			name = Debug;
		};
		EF29126A255700CC006445B0 /* Release */ = {
			isa = XCBuildConfiguration;
			buildSettings = {
				ASSETCATALOG_COMPILER_APPICON_NAME = AppIcon;
				ASSETCATALOG_COMPILER_GLOBAL_ACCENT_COLOR_NAME = AccentColor;
				CODE_SIGN_STYLE = Automatic;
				DEVELOPMENT_TEAM = GGBRYLM9ZW;
				INFOPLIST_FILE = EmojiReader/Info.plist;
				LD_RUNPATH_SEARCH_PATHS = (
					"$(inherited)",
					"@executable_path/Frameworks",
				);
				PRODUCT_BUNDLE_IDENTIFIER = mycom.EmojiReader;
				PRODUCT_NAME = "$(TARGET_NAME)";
				SWIFT_VERSION = 5.0;
				TARGETED_DEVICE_FAMILY = "1,2";
			};
			name = Release;
		};
/* End XCBuildConfiguration section */

/* Begin XCConfigurationList section */
		EF29124F255700C9006445B0 /* Build configuration list for PBXProject "EmojiReader" */ = {
			isa = XCConfigurationList;
			buildConfigurations = (
				EF291266255700CC006445B0 /* Debug */,
				EF291267255700CC006445B0 /* Release */,
			);
			defaultConfigurationIsVisible = 0;
			defaultConfigurationName = Release;
		};
		EF291268255700CC006445B0 /* Build configuration list for PBXNativeTarget "EmojiReader" */ = {
			isa = XCConfigurationList;
			buildConfigurations = (
				EF291269255700CC006445B0 /* Debug */,
				EF29126A255700CC006445B0 /* Release */,
			);
			defaultConfigurationIsVisible = 0;
			defaultConfigurationName = Release;
		};
/* End XCConfigurationList section */

/* Begin XCVersionGroup section */
		EF66DB8125692A7A0098A2C9 /* EmojiReader.xcdatamodeld */ = {
			isa = XCVersionGroup;
			children = (
				EF66DB8225692A7A0098A2C9 /* emojiModel.xcdatamodel */,
			);
			currentVersion = EF66DB8225692A7A0098A2C9 /* emojiModel.xcdatamodel */;
			path = EmojiReader.xcdatamodeld;
			sourceTree = "<group>";
			versionGroupType = wrapper.xcdatamodel;
		};
/* End XCVersionGroup section */
	};
	rootObject = EF29124C255700C9006445B0 /* Project object */;
}
